{
  "lockfileVersion": 1,
  "configVersion": 1,
  "workspaces": {
    "": {
      "name": "portfolio",
      "dependencies": {
        "@dimforge/rapier3d-compat": "^0.19.3",
        "three": "^0.182.0",
      },
      "devDependencies": {
        "@types/three": "^0.182.0",
        "typescript": "~5.9.3",
        "vite": "^7.2.4",
        "wrangler": "^4.115.0",
      },
    },
  },
  "packages": {
    "@cloudflare/kv-asset-handler": ["@cloudflare/kv-asset-handler@0.5.0", "", {}, "sha512-jxQYkj8dSIzc0cD6cMMNdOc1UVjqSqu8BZdor5s8cGjW2I8BjODt/kWPVdY+u9zj3ms75Q5qaZgnxUad83+eAg=="],

    "@cloudflare/unenv-preset": ["@cloudflare/unenv-preset@2.16.1", "", { "peerDependencies": { "unenv": "2.0.0-rc.24", "workerd": ">1.20260305.0 <2.0.0-0" }, "optionalPeers": ["workerd"] }, "sha512-ECxObrMfyTl5bhQf/lZCXwo5G6xX9IAUo+nDMKK4SZ8m4Jvvxp52vilxyySSWh2YTZz8+HQ07qGH/2rEom1vDw=="],

    "@cloudflare/workerd-darwin-64": ["@cloudflare/workerd-darwin-64@1.20260722.1", "", { "os": "darwin", "cpu": "x64" }, "sha512-vZOP8vIS3NwnuaO+gz0FZ7kIGeiO3bZmxV35Ph9zOXKSREhDFlH7wQ7mkCdhW3O4jnXsew+XT7b+DNEI2CcJGQ=="],

    "@cloudflare/workerd-darwin-arm64": ["@cloudflare/workerd-darwin-arm64@1.20260722.1", "", { "os": "darwin", "cpu": "arm64" }, "sha512-EmIQymihDq6WNdER4+LF8Qn80yqayBUpJ+tkOO7wmY8pmgfyXjIUFNXotl21AHovTeu2seR7HdVUgeN/BilCWw=="],

    "@cloudflare/workerd-linux-64": ["@cloudflare/workerd-linux-64@1.20260722.1", "", { "os": "linux", "cpu": "x64" }, "sha512-jvZ3k9fxcnEn04s80CgIYxQfpOyAiz/8qC42DP8EBa9tR27qWyg9wmm31zIobVlrgBZn/+8NfdP73avRGcQOjQ=="],

    "@cloudflare/workerd-linux-arm64": ["@cloudflare/workerd-linux-arm64@1.20260722.1", "", { "os": "linux", "cpu": "arm64" }, "sha512-BOSB55SMNdy+DA5uj2WirgiNanpHGis5PVvXH1wSfvjRKr4JGgWK+EZzxz0RFUo6QjjQQC/NimEzNZ7va7jmKg=="],

    "@cloudflare/workerd-windows-64": ["@cloudflare/workerd-windows-64@1.20260722.1", "", { "os": "win32", "cpu": "x64" }, "sha512-sYM8YgUpKnRz2xjvdJLX1Ojzoi4MlA4gk8WTTExhGydjYB2UTs5NIbv0ZmpKgMoK9io3ixgmiW56ZnTbcWOdiA=="],

    "@cspotcode/source-map-support": ["@cspotcode/source-map-support@0.8.1", "", { "dependencies": { "@jridgewell/trace-mapping": "0.3.9" } }, "sha512-IchNf6dN4tHoMFIn/7OE8LWZ19Y6q/67Bmf6vnGREv8RSbBVb9LPJxEcnwrcwX6ixSvaiGoomAUvu4YSxXrVgw=="],

    "@dimforge/rapier3d-compat": ["@dimforge/rapier3d-compat@0.19.3", "", {}, "sha512-mMVdSj1PRTT108s9Swbu2GQOmHbn8kbJANRV5xfczL3s0T4vkgZAuoMRgvBzQcHanpKusbC0ZJj6z3mC3aj3vg=="],

    "@emnapi/runtime": ["@emnapi/runtime@1.11.3", "", { "dependencies": { "tslib": "^2.4.0" } }, "sha512-Xz4Tpyki7XyrpbUK1jR1AhdAdaXyhhY4lZ3neLodmhpuWfy2PAQN5B46sAiU4liOXGLkHypn/qU+jvfWSCYYLA=="],

    "@esbuild/aix-ppc64": ["@esbuild/aix-ppc64@0.27.2", "", { "os": "aix", "cpu": "ppc64" }, "sha512-GZMB+a0mOMZs4MpDbj8RJp4cw+w1WV5NYD6xzgvzUJ5Ek2jerwfO2eADyI6ExDSUED+1X8aMbegahsJi+8mgpw=="],

    "@esbuild/android-arm": ["@esbuild/android-arm@0.27.2", "", { "os": "android", "cpu": "arm" }, "sha512-DVNI8jlPa7Ujbr1yjU2PfUSRtAUZPG9I1RwW4F4xFB1Imiu2on0ADiI/c3td+KmDtVKNbi+nffGDQMfcIMkwIA=="],

    "@esbuild/android-arm64": ["@esbuild/android-arm64@0.27.2", "", { "os": "android", "cpu": "arm64" }, "sha512-pvz8ZZ7ot/RBphf8fv60ljmaoydPU12VuXHImtAs0XhLLw+EXBi2BLe3OYSBslR4rryHvweW5gmkKFwTiFy6KA=="],

    "@esbuild/android-x64": ["@esbuild/android-x64@0.27.2", "", { "os": "android", "cpu": "x64" }, "sha512-z8Ank4Byh4TJJOh4wpz8g2vDy75zFL0TlZlkUkEwYXuPSgX8yzep596n6mT7905kA9uHZsf/o2OJZubl2l3M7A=="],

    "@esbuild/darwin-arm64": ["@esbuild/darwin-arm64@0.27.2", "", { "os": "darwin", "cpu": "arm64" }, "sha512-davCD2Zc80nzDVRwXTcQP/28fiJbcOwvdolL0sOiOsbwBa72kegmVU0Wrh1MYrbuCL98Omp5dVhQFWRKR2ZAlg=="],

    "@esbuild/darwin-x64": ["@esbuild/darwin-x64@0.27.2", "", { "os": "darwin", "cpu": "x64" }, "sha512-ZxtijOmlQCBWGwbVmwOF/UCzuGIbUkqB1faQRf5akQmxRJ1ujusWsb3CVfk/9iZKr2L5SMU5wPBi1UWbvL+VQA=="],

    "@esbuild/freebsd-arm64": ["@esbuild/freebsd-arm64@0.27.2", "", { "os": "freebsd", "cpu": "arm64" }, "sha512-lS/9CN+rgqQ9czogxlMcBMGd+l8Q3Nj1MFQwBZJyoEKI50XGxwuzznYdwcav6lpOGv5BqaZXqvBSiB/kJ5op+g=="],

    "@esbuild/freebsd-x64": ["@esbuild/freebsd-x64@0.27.2", "", { "os": "freebsd", "cpu": "x64" }, "sha512-tAfqtNYb4YgPnJlEFu4c212HYjQWSO/w/h/lQaBK7RbwGIkBOuNKQI9tqWzx7Wtp7bTPaGC6MJvWI608P3wXYA=="],

    "@esbuild/linux-arm": ["@esbuild/linux-arm@0.27.2", "", { "os": "linux", "cpu": "arm" }, "sha512-vWfq4GaIMP9AIe4yj1ZUW18RDhx6EPQKjwe7n8BbIecFtCQG4CfHGaHuh7fdfq+y3LIA2vGS/o9ZBGVxIDi9hw=="],

    "@esbuild/linux-arm64": ["@esbuild/linux-arm64@0.27.2", "", { "os": "linux", "cpu": "arm64" }, "sha512-hYxN8pr66NsCCiRFkHUAsxylNOcAQaxSSkHMMjcpx0si13t1LHFphxJZUiGwojB1a/Hd5OiPIqDdXONia6bhTw=="],

    "@esbuild/linux-ia32": ["@esbuild/linux-ia32@0.27.2", "", { "os": "linux", "cpu": "ia32" }, "sha512-MJt5BRRSScPDwG2hLelYhAAKh9imjHK5+NE/tvnRLbIqUWa+0E9N4WNMjmp/kXXPHZGqPLxggwVhz7QP8CTR8w=="],

    "@esbuild/linux-loong64": ["@esbuild/linux-loong64@0.27.2", "", { "os": "linux", "cpu": "none" }, "sha512-lugyF1atnAT463aO6KPshVCJK5NgRnU4yb3FUumyVz+cGvZbontBgzeGFO1nF+dPueHD367a2ZXe1NtUkAjOtg=="],

    "@esbuild/linux-mips64el": ["@esbuild/linux-mips64el@0.27.2", "", { "os": "linux", "cpu": "none" }, "sha512-nlP2I6ArEBewvJ2gjrrkESEZkB5mIoaTswuqNFRv/WYd+ATtUpe9Y09RnJvgvdag7he0OWgEZWhviS1OTOKixw=="],

    "@esbuild/linux-ppc64": ["@esbuild/linux-ppc64@0.27.2", "", { "os": "linux", "cpu": "ppc64" }, "sha512-C92gnpey7tUQONqg1n6dKVbx3vphKtTHJaNG2Ok9lGwbZil6DrfyecMsp9CrmXGQJmZ7iiVXvvZH6Ml5hL6XdQ=="],

    "@esbuild/linux-riscv64": ["@esbuild/linux-riscv64@0.27.2", "", { "os": "linux", "cpu": "none" }, "sha512-B5BOmojNtUyN8AXlK0QJyvjEZkWwy/FKvakkTDCziX95AowLZKR6aCDhG7LeF7uMCXEJqwa8Bejz5LTPYm8AvA=="],

    "@esbuild/linux-s390x": ["@esbuild/linux-s390x@0.27.2", "", { "os": "linux", "cpu": "s390x" }, "sha512-p4bm9+wsPwup5Z8f4EpfN63qNagQ47Ua2znaqGH6bqLlmJ4bx97Y9JdqxgGZ6Y8xVTixUnEkoKSHcpRlDnNr5w=="],

    "@esbuild/linux-x64": ["@esbuild/linux-x64@0.27.2", "", { "os": "linux", "cpu": "x64" }, "sha512-uwp2Tip5aPmH+NRUwTcfLb+W32WXjpFejTIOWZFw/v7/KnpCDKG66u4DLcurQpiYTiYwQ9B7KOeMJvLCu/OvbA=="],

    "@esbuild/netbsd-arm64": ["@esbuild/netbsd-arm64@0.27.2", "", { "os": "none", "cpu": "arm64" }, "sha512-Kj6DiBlwXrPsCRDeRvGAUb/LNrBASrfqAIok+xB0LxK8CHqxZ037viF13ugfsIpePH93mX7xfJp97cyDuTZ3cw=="],

    "@esbuild/netbsd-x64": ["@esbuild/netbsd-x64@0.27.2", "", { "os": "none", "cpu": "x64" }, "sha512-HwGDZ0VLVBY3Y+Nw0JexZy9o/nUAWq9MlV7cahpaXKW6TOzfVno3y3/M8Ga8u8Yr7GldLOov27xiCnqRZf0tCA=="],

    "@esbuild/openbsd-arm64": ["@esbuild/openbsd-arm64@0.27.2", "", { "os": "openbsd", "cpu": "arm64" }, "sha512-DNIHH2BPQ5551A7oSHD0CKbwIA/Ox7+78/AWkbS5QoRzaqlev2uFayfSxq68EkonB+IKjiuxBFoV8ESJy8bOHA=="],

    "@esbuild/openbsd-x64": ["@esbuild/openbsd-x64@0.27.2", "", { "os": "openbsd", "cpu": "x64" }, "sha512-/it7w9Nb7+0KFIzjalNJVR5bOzA9Vay+yIPLVHfIQYG/j+j9VTH84aNB8ExGKPU4AzfaEvN9/V4HV+F+vo8OEg=="],

    "@esbuild/openharmony-arm64": ["@esbuild/openharmony-arm64@0.27.2", "", { "os": "none", "cpu": "arm64" }, "sha512-LRBbCmiU51IXfeXk59csuX/aSaToeG7w48nMwA6049Y4J4+VbWALAuXcs+qcD04rHDuSCSRKdmY63sruDS5qag=="],

    "@esbuild/sunos-x64": ["@esbuild/sunos-x64@0.27.2", "", { "os": "sunos", "cpu": "x64" }, "sha512-kMtx1yqJHTmqaqHPAzKCAkDaKsffmXkPHThSfRwZGyuqyIeBvf08KSsYXl+abf5HDAPMJIPnbBfXvP2ZC2TfHg=="],

    "@esbuild/win32-arm64": ["@esbuild/win32-arm64@0.27.2", "", { "os": "win32", "cpu": "arm64" }, "sha512-Yaf78O/B3Kkh+nKABUF++bvJv5Ijoy9AN1ww904rOXZFLWVc5OLOfL56W+C8F9xn5JQZa3UX6m+IktJnIb1Jjg=="],

    "@esbuild/win32-ia32": ["@esbuild/win32-ia32@0.27.2", "", { "os": "win32", "cpu": "ia32" }, "sha512-Iuws0kxo4yusk7sw70Xa2E2imZU5HoixzxfGCdxwBdhiDgt9vX9VUCBhqcwY7/uh//78A1hMkkROMJq9l27oLQ=="],

    "@esbuild/win32-x64": ["@esbuild/win32-x64@0.27.2", "", { "os": "win32", "cpu": "x64" }, "sha512-sRdU18mcKf7F+YgheI/zGf5alZatMUTKj/jNS6l744f9u3WFu4v7twcUI9vu4mknF4Y9aDlblIie0IM+5xxaqQ=="],

    "@img/colour": ["@img/colour@1.1.0", "", {}, "sha512-Td76q7j57o/tLVdgS746cYARfSyxk8iEfRxewL9h4OMzYhbW4TAcppl0mT4eyqXddh6L/jwoM75mo7ixa/pCeQ=="],

    "@img/sharp-darwin-arm64": ["@img/sharp-darwin-arm64@0.35.2", "", { "optionalDependencies": { "@img/sharp-libvips-darwin-arm64": "1.3.1" }, "os": "darwin", "cpu": "arm64" }, "sha512-eEieHsMksAW4IiO5NzauESRl2D2qz3J/kwUxUrSfV06A93eEaRfMpHXyUb1mAqrR7i8U9A0GRqE9pjn6u1Jjpg=="],

    "@img/sharp-darwin-x64": ["@img/sharp-darwin-x64@0.35.2", "", { "optionalDependencies": { "@img/sharp-libvips-darwin-x64": "1.3.1" }, "os": "darwin", "cpu": "x64" }, "sha512-BaktuGPCeHJMARpodR8jK4uKiZrPAy9WrfQW0sdI37clracq8Bp01AYS3SZgi5FS/y5twa9t4+LIuuxQjqRrWw=="],

    "@img/sharp-freebsd-wasm32": ["@img/sharp-freebsd-wasm32@0.35.2", "", { "dependencies": { "@img/sharp-wasm32": "0.35.2" }, "os": "freebsd" }, "sha512-YoAxdnd8hPUkvLHd3bWY+YA8nw3xM/RyRopYucNsWHVSan8NLVM3X2volsfoRDcXdUJPg6tXahSd7HXPK7lRnw=="],

    "@img/sharp-libvips-darwin-arm64": ["@img/sharp-libvips-darwin-arm64@1.3.1", "", { "os": "darwin", "cpu": "arm64" }, "sha512-4V/M3roRMTYjiwZY9IOVQOE8OyeCxFAkYmyZDrZl51uOKjibm3oeEJ4WAmLxutAfzFbC9jqUiPs2gbnGflH+7g=="],

    "@img/sharp-libvips-darwin-x64": ["@img/sharp-libvips-darwin-x64@1.3.1", "", { "os": "darwin", "cpu": "x64" }, "sha512-c0/DxItpJv2+dGhgycJBBgotdqruGYDvA79drdh0MD1dFpy7JzJ/PlXwi1H4rFf0eTy8tgbI91aHDnZIceY3jQ=="],

    "@img/sharp-libvips-linux-arm": ["@img/sharp-libvips-linux-arm@1.3.1", "", { "os": "linux", "cpu": "arm" }, "sha512-aGGy9aWzXgHBG7HNyQPWorZthlp7+x6fDRoPAQbGO3ThcttuTyKIx3NuSHb6zb4gBNq6/yNn9f1cy9nFKS/Vmg=="],

    "@img/sharp-libvips-linux-arm64": ["@img/sharp-libvips-linux-arm64@1.3.1", "", { "os": "linux", "cpu": "arm64" }, "sha512-JznefmcK9j1JKPz8AkQDh89kjojubyfOasWBPKfzMIhPwsgDy9evpE/naJTXXXmghS1iFwR8u/kTwh/I2/+GCw=="],

    "@img/sharp-libvips-linux-ppc64": ["@img/sharp-libvips-linux-ppc64@1.3.1", "", { "os": "linux", "cpu": "ppc64" }, "sha512-1EkwGNCZk6iWNCMWqrvdJ+r1j0PT1zIz60CNPhYnJlK/zyeWqlsPZIe+ocBVqPF8k/Ssee/NCk+tE9Ryrko6ng=="],

    "@img/sharp-libvips-linux-riscv64": ["@img/sharp-libvips-linux-riscv64@1.3.1", "", { "os": "linux", "cpu": "none" }, "sha512-Ilays+w2bXdnxzxtQdmXR62u8o8GYa3eL4+Gr+1KiE4xperMZUslRaVPJwwPkzlHEjGfXAfRVAa/7CYCtSqsBw=="],

    "@img/sharp-libvips-linux-s390x": ["@img/sharp-libvips-linux-s390x@1.3.1", "", { "os": "linux", "cpu": "s390x" }, "sha512-VfBwVHQTbRoj4XlpA/KLZ7ltgMpz+4WSejFzQ+GnoImjo1PtEJ59QB2qR1xQEeRPYIkNrPIm2L4cICMvz4C2ew=="],

    "@img/sharp-libvips-linux-x64": ["@img/sharp-libvips-linux-x64@1.3.1", "", { "os": "linux", "cpu": "x64" }, "sha512-+c8ukgwU62DS54nCAjw7keOfHUkmr0B5QHEdcOqRnodF/MNXJbVI8Eopoj4B/0H8Asr65I+A4Amrn7a85/md6A=="],

    "@img/sharp-libvips-linuxmusl-arm64": ["@img/sharp-libvips-linuxmusl-arm64@1.3.1", "", { "os": "linux", "cpu": "arm64" }, "sha512-qlKb/pwbkAi1WMsJrYHk7CuDrd12s27U2QnRhFYUoJNrRCmkosMTttuRFat/DDB3IlDm5qE1TJgZ4JDnHX8Ldw=="],

    "@img/sharp-libvips-linuxmusl-x64": ["@img/sharp-libvips-linuxmusl-x64@1.3.1", "", { "os": "linux", "cpu": "x64" }, "sha512-yO21HwoUVLN8Qa+/SBjQLMYwBWAVJjeGPNe+hc0OUeMeifEtJqu5a1c4HayE1nNpDih9y3/KkoltfkDodmKAlg=="],

    "@img/sharp-linux-arm": ["@img/sharp-linux-arm@0.35.2", "", { "optionalDependencies": { "@img/sharp-libvips-linux-arm": "1.3.1" }, "os": "linux", "cpu": "arm" }, "sha512-SE4kzF2mepn6z+6E7L6lsV8FzuLL6IPQdyX8ZiwROAG/G8td+hP/m7FsFPwidtrF19gvajuC9l6TxAVcsA4S7A=="],

    "@img/sharp-linux-arm64": ["@img/sharp-linux-arm64@0.35.2", "", { "optionalDependencies": { "@img/sharp-libvips-linux-arm64": "1.3.1" }, "os": "linux", "cpu": "arm64" }, "sha512-af12Pnd0ZGu2HfP8NayB0kk6eC/lrfbQE6HlR4jD+34wdJ1Vw9TF6TMn6ZvffT+WgqVsl0hRbmNvz2u/23VmwA=="],

    "@img/sharp-linux-ppc64": ["@img/sharp-linux-ppc64@0.35.2", "", { "optionalDependencies": { "@img/sharp-libvips-linux-ppc64": "1.3.1" }, "os": "linux", "cpu": "ppc64" }, "sha512-hYSBm7zcNtDCozCxQHYZJiu63b/bXsgRZuOxCIBZsStMM9Vap47iFHdbX4kCvQsblPB/k+clhELpdQJHQLSHvg=="],

    "@img/sharp-linux-riscv64": ["@img/sharp-linux-riscv64@0.35.2", "", { "optionalDependencies": { "@img/sharp-libvips-linux-riscv64": "1.3.1" }, "os": "linux", "cpu": "none" }, "sha512-qQt0Kc13+Hoan/Awq/qMSQw3L+RI1NCRPgD5cUJ/1WSSmIoysLOc72jlRM3E0OHN9Yr313jgeQ2T+zW+F03QFA=="],

    "@img/sharp-linux-s390x": ["@img/sharp-linux-s390x@0.35.2", "", { "optionalDependencies": { "@img/sharp-libvips-linux-s390x": "1.3.1" }, "os": "linux", "cpu": "s390x" }, "sha512-E4fLLfRPzDLlEeDaTzI98OFLcv++WL5ChLLMwPoVd0CIoZQqupBSNbOisPL5am9XsbQ9T84+iiMpUvbFtkunbA=="],

    "@img/sharp-linux-x64": ["@img/sharp-linux-x64@0.35.2", "", { "optionalDependencies": { "@img/sharp-libvips-linux-x64": "1.3.1" }, "os": "linux", "cpu": "x64" }, "sha512-gi0zFJJRLswfCZmHtJdikXPOc5u7qamSOS3NHedLqLd4W8Q0NqjdBr6TTRIgsfFjqfTsHFgdfvJ9LwqSgcHiAA=="],

    "@img/sharp-linuxmusl-arm64": ["@img/sharp-linuxmusl-arm64@0.35.2", "", { "optionalDependencies": { "@img/sharp-libvips-linuxmusl-arm64": "1.3.1" }, "os": "linux", "cpu": "arm64" }, "sha512-siWbOW1u6HFnFLrp0waKyW7VEf7jYvcDWdrXEFa8AkdAQgEvuu5Fz8/Y70w9EeqAdwDtfU012BhEHHaDqvQNzg=="],

    "@img/sharp-linuxmusl-x64": ["@img/sharp-linuxmusl-x64@0.35.2", "", { "optionalDependencies": { "@img/sharp-libvips-linuxmusl-x64": "1.3.1" }, "os": "linux", "cpu": "x64" }, "sha512-YBqMMcjDi4QGYiSn4vNOYBhmlC4z5AXqkOUUqI2e0AFA4urNv4ESgOgwNl3K+4etQhha0twXlzeF20bbULm9Yg=="],

    "@img/sharp-wasm32": ["@img/sharp-wasm32@0.35.2", "", { "dependencies": { "@emnapi/runtime": "^1.11.1" } }, "sha512-Mrv4JQNYVQ94xH+jzZ9r+gowleN8mv2FTgKT+PI6bx5C0G8TdNYndu161pg2i7uoBwxy2ImPMHrJOM2LZef7Bw=="],

    "@img/sharp-webcontainers-wasm32": ["@img/sharp-webcontainers-wasm32@0.35.2", "", { "dependencies": { "@img/sharp-wasm32": "0.35.2" }, "cpu": "none" }, "sha512-QNV27pxs9wpApEiCfvHM1RDoP1w1+2KrUWWDPEhEwg+latvOrfuhWrHWZKwdSFwU6jh3myjw/yOCRsUIuOft3g=="],

    "@img/sharp-win32-arm64": ["@img/sharp-win32-arm64@0.35.2", "", { "os": "win32", "cpu": "arm64" }, "sha512-BiVRYc/t6/Vl3e1hBx0hugG4oN9Pydf4fgMSpxTQJmwGUg/YoXTWHiFeRymHfCZzifxu4F4rpk/I67D0LQ20wQ=="],

    "@img/sharp-win32-ia32": ["@img/sharp-win32-ia32@0.35.2", "", { "os": "win32", "cpu": "ia32" }, "sha512-YYEhx9PImCC7T0tI8JDMi4DB9LwLCXCU5OWNYEXAxh5Q1ShKkyC6byxzoBJ3gEFDnH2lQckWuDe70G7mB2XJog=="],

    "@img/sharp-win32-x64": ["@img/sharp-win32-x64@0.35.2", "", { "os": "win32", "cpu": "x64" }, "sha512-imoOyBcoM/iiUr4J6VPpCNjPnjvP/Gks95898yB8YqoGGYmHYbOyCuNv9FMhFgtaiHFGbHW8bxKqRV6VjtXThQ=="],

    "@jridgewell/resolve-uri": ["@jridgewell/resolve-uri@3.1.2", "", {}, "sha512-bRISgCIjP20/tbWSPWMEi54QVPRZExkuD9lJL+UIxUKtwVJA8wW1Trb1jMs1RFXo1CBTNZ/5hpC9QvmKWdopKw=="],

    "@jridgewell/sourcemap-codec": ["@jridgewell/sourcemap-codec@1.5.5", "", {}, "sha512-cYQ9310grqxueWbl+WuIUIaiUaDcj7WOq5fVhEljNVgRfOUhY9fy2zTvfoqWsnebh8Sl70VScFbICvJnLKB0Og=="],

    "@jridgewell/trace-mapping": ["@jridgewell/trace-mapping@0.3.9", "", { "dependencies": { "@jridgewell/resolve-uri": "^3.0.3", "@jridgewell/sourcemap-codec": "^1.4.10" } }, "sha512-3Belt6tdc8bPgAtbcmdtNJlirVoTmEb5e2gC94PnkwEW9jI6CAHUeoG85tjWP5WquqfavoMtMwiG4P926ZKKuQ=="],

    "@poppinss/colors": ["@poppinss/colors@4.1.6", "", { "dependencies": { "kleur": "^4.1.5" } }, "sha512-H9xkIdFswbS8n1d6vmRd8+c10t2Qe+rZITbbDHHkQixH5+2x1FDGmi/0K+WgWiqQFKPSlIYB7jlH6Kpfn6Fleg=="],

    "@poppinss/dumper": ["@poppinss/dumper@0.6.5", "", { "dependencies": { "@poppinss/colors": "^4.1.5", "@sindresorhus/is": "^7.0.2", "supports-color": "^10.0.0" } }, "sha512-NBdYIb90J7LfOI32dOewKI1r7wnkiH6m920puQ3qHUeZkxNkQiFnXVWoE6YtFSv6QOiPPf7ys6i+HWWecDz7sw=="],

    "@poppinss/exception": ["@poppinss/exception@1.2.3", "", {}, "sha512-dCED+QRChTVatE9ibtoaxc+WkdzOSjYTKi/+uacHWIsfodVfpsueo3+DKpgU5Px8qXjgmXkSvhXvSCz3fnP9lw=="],

    "@rollup/rollup-android-arm-eabi": ["@rollup/rollup-android-arm-eabi@4.56.0", "", { "os": "android", "cpu": "arm" }, "sha512-LNKIPA5k8PF1+jAFomGe3qN3bbIgJe/IlpDBwuVjrDKrJhVWywgnJvflMt/zkbVNLFtF1+94SljYQS6e99klnw=="],

    "@rollup/rollup-android-arm64": ["@rollup/rollup-android-arm64@4.56.0", "", { "os": "android", "cpu": "arm64" }, "sha512-lfbVUbelYqXlYiU/HApNMJzT1E87UPGvzveGg2h0ktUNlOCxKlWuJ9jtfvs1sKHdwU4fzY7Pl8sAl49/XaEk6Q=="],

    "@rollup/rollup-darwin-arm64": ["@rollup/rollup-darwin-arm64@4.56.0", "", { "os": "darwin", "cpu": "arm64" }, "sha512-EgxD1ocWfhoD6xSOeEEwyE7tDvwTgZc8Bss7wCWe+uc7wO8G34HHCUH+Q6cHqJubxIAnQzAsyUsClt0yFLu06w=="],

    "@rollup/rollup-darwin-x64": ["@rollup/rollup-darwin-x64@4.56.0", "", { "os": "darwin", "cpu": "x64" }, "sha512-1vXe1vcMOssb/hOF8iv52A7feWW2xnu+c8BV4t1F//m9QVLTfNVpEdja5ia762j/UEJe2Z1jAmEqZAK42tVW3g=="],

    "@rollup/rollup-freebsd-arm64": ["@rollup/rollup-freebsd-arm64@4.56.0", "", { "os": "freebsd", "cpu": "arm64" }, "sha512-bof7fbIlvqsyv/DtaXSck4VYQ9lPtoWNFCB/JY4snlFuJREXfZnm+Ej6yaCHfQvofJDXLDMTVxWscVSuQvVWUQ=="],

    "@rollup/rollup-freebsd-x64": ["@rollup/rollup-freebsd-x64@4.56.0", "", { "os": "freebsd", "cpu": "x64" }, "sha512-KNa6lYHloW+7lTEkYGa37fpvPq+NKG/EHKM8+G/g9WDU7ls4sMqbVRV78J6LdNuVaeeK5WB9/9VAFbKxcbXKYg=="],

    "@rollup/rollup-linux-arm-gnueabihf": ["@rollup/rollup-linux-arm-gnueabihf@4.56.0", "", { "os": "linux", "cpu": "arm" }, "sha512-E8jKK87uOvLrrLN28jnAAAChNq5LeCd2mGgZF+fGF5D507WlG/Noct3lP/QzQ6MrqJ5BCKNwI9ipADB6jyiq2A=="],

    "@rollup/rollup-linux-arm-musleabihf": ["@rollup/rollup-linux-arm-musleabihf@4.56.0", "", { "os": "linux", "cpu": "arm" }, "sha512-jQosa5FMYF5Z6prEpTCCmzCXz6eKr/tCBssSmQGEeozA9tkRUty/5Vx06ibaOP9RCrW1Pvb8yp3gvZhHwTDsJw=="],

    "@rollup/rollup-linux-arm64-gnu": ["@rollup/rollup-linux-arm64-gnu@4.56.0", "", { "os": "linux", "cpu": "arm64" }, "sha512-uQVoKkrC1KGEV6udrdVahASIsaF8h7iLG0U0W+Xn14ucFwi6uS539PsAr24IEF9/FoDtzMeeJXJIBo5RkbNWvQ=="],

    "@rollup/rollup-linux-arm64-musl": ["@rollup/rollup-linux-arm64-musl@4.56.0", "", { "os": "linux", "cpu": "arm64" }, "sha512-vLZ1yJKLxhQLFKTs42RwTwa6zkGln+bnXc8ueFGMYmBTLfNu58sl5/eXyxRa2RarTkJbXl8TKPgfS6V5ijNqEA=="],

    "@rollup/rollup-linux-loong64-gnu": ["@rollup/rollup-linux-loong64-gnu@4.56.0", "", { "os": "linux", "cpu": "none" }, "sha512-FWfHOCub564kSE3xJQLLIC/hbKqHSVxy8vY75/YHHzWvbJL7aYJkdgwD/xGfUlL5UV2SB7otapLrcCj2xnF1dg=="],

    "@rollup/rollup-linux-loong64-musl": ["@rollup/rollup-linux-loong64-musl@4.56.0", "", { "os": "linux", "cpu": "none" }, "sha512-z1EkujxIh7nbrKL1lmIpqFTc/sr0u8Uk0zK/qIEFldbt6EDKWFk/pxFq3gYj4Bjn3aa9eEhYRlL3H8ZbPT1xvA=="],

    "@rollup/rollup-linux-ppc64-gnu": ["@rollup/rollup-linux-ppc64-gnu@4.56.0", "", { "os": "linux", "cpu": "ppc64" }, "sha512-iNFTluqgdoQC7AIE8Q34R3AuPrJGJirj5wMUErxj22deOcY7XwZRaqYmB6ZKFHoVGqRcRd0mqO+845jAibKCkw=="],

    "@rollup/rollup-linux-ppc64-musl": ["@rollup/rollup-linux-ppc64-musl@4.56.0", "", { "os": "linux", "cpu": "ppc64" }, "sha512-MtMeFVlD2LIKjp2sE2xM2slq3Zxf9zwVuw0jemsxvh1QOpHSsSzfNOTH9uYW9i1MXFxUSMmLpeVeUzoNOKBaWg=="],

    "@rollup/rollup-linux-riscv64-gnu": ["@rollup/rollup-linux-riscv64-gnu@4.56.0", "", { "os": "linux", "cpu": "none" }, "sha512-in+v6wiHdzzVhYKXIk5U74dEZHdKN9KH0Q4ANHOTvyXPG41bajYRsy7a8TPKbYPl34hU7PP7hMVHRvv/5aCSew=="],

    "@rollup/rollup-linux-riscv64-musl": ["@rollup/rollup-linux-riscv64-musl@4.56.0", "", { "os": "linux", "cpu": "none" }, "sha512-yni2raKHB8m9NQpI9fPVwN754mn6dHQSbDTwxdr9SE0ks38DTjLMMBjrwvB5+mXrX+C0npX0CVeCUcvvvD8CNQ=="],

    "@rollup/rollup-linux-s390x-gnu": ["@rollup/rollup-linux-s390x-gnu@4.56.0", "", { "os": "linux", "cpu": "s390x" }, "sha512-zhLLJx9nQPu7wezbxt2ut+CI4YlXi68ndEve16tPc/iwoylWS9B3FxpLS2PkmfYgDQtosah07Mj9E0khc3Y+vQ=="],

    "@rollup/rollup-linux-x64-gnu": ["@rollup/rollup-linux-x64-gnu@4.56.0", "", { "os": "linux", "cpu": "x64" }, "sha512-MVC6UDp16ZSH7x4rtuJPAEoE1RwS8N4oK9DLHy3FTEdFoUTCFVzMfJl/BVJ330C+hx8FfprA5Wqx4FhZXkj2Kw=="],

    "@rollup/rollup-linux-x64-musl": ["@rollup/rollup-linux-x64-musl@4.56.0", "", { "os": "linux", "cpu": "x64" }, "sha512-ZhGH1eA4Qv0lxaV00azCIS1ChedK0V32952Md3FtnxSqZTBTd6tgil4nZT5cU8B+SIw3PFYkvyR4FKo2oyZIHA=="],

    "@rollup/rollup-openbsd-x64": ["@rollup/rollup-openbsd-x64@4.56.0", "", { "os": "openbsd", "cpu": "x64" }, "sha512-O16XcmyDeFI9879pEcmtWvD/2nyxR9mF7Gs44lf1vGGx8Vg2DRNx11aVXBEqOQhWb92WN4z7fW/q4+2NYzCbBA=="],

    "@rollup/rollup-openharmony-arm64": ["@rollup/rollup-openharmony-arm64@4.56.0", "", { "os": "none", "cpu": "arm64" }, "sha512-LhN/Reh+7F3RCgQIRbgw8ZMwUwyqJM+8pXNT6IIJAqm2IdKkzpCh/V9EdgOMBKuebIrzswqy4ATlrDgiOwbRcQ=="],

    "@rollup/rollup-win32-arm64-msvc": ["@rollup/rollup-win32-arm64-msvc@4.56.0", "", { "os": "win32", "cpu": "arm64" }, "sha512-kbFsOObXp3LBULg1d3JIUQMa9Kv4UitDmpS+k0tinPBz3watcUiV2/LUDMMucA6pZO3WGE27P7DsfaN54l9ing=="],

    "@rollup/rollup-win32-ia32-msvc": ["@rollup/rollup-win32-ia32-msvc@4.56.0", "", { "os": "win32", "cpu": "ia32" }, "sha512-vSSgny54D6P4vf2izbtFm/TcWYedw7f8eBrOiGGecyHyQB9q4Kqentjaj8hToe+995nob/Wv48pDqL5a62EWtg=="],

    "@rollup/rollup-win32-x64-gnu": ["@rollup/rollup-win32-x64-gnu@4.56.0", "", { "os": "win32", "cpu": "x64" }, "sha512-FeCnkPCTHQJFbiGG49KjV5YGW/8b9rrXAM2Mz2kiIoktq2qsJxRD5giEMEOD2lPdgs72upzefaUvS+nc8E3UzQ=="],

    "@rollup/rollup-win32-x64-msvc": ["@rollup/rollup-win32-x64-msvc@4.56.0", "", { "os": "win32", "cpu": "x64" }, "sha512-H8AE9Ur/t0+1VXujj90w0HrSOuv0Nq9r1vSZF2t5km20NTfosQsGGUXDaKdQZzwuLts7IyL1fYT4hM95TI9c4g=="],

    "@sindresorhus/is": ["@sindresorhus/is@7.2.0", "", {}, "sha512-P1Cz1dWaFfR4IR+U13mqqiGsLFf1KbayybWwdd2vfctdV6hDpUkgCY0nKOLLTMSoRd/jJNjtbqzf13K8DCCXQw=="],

    "@speed-highlight/core": ["@speed-highlight/core@1.2.17", "", {}, "sha512-Z92FwKpCtfaW1V0jTU/fh3QzYEZN8wDwrzRIBoADCJfn4mJCNcJN/XegifX7BDrQ8/h9Xh/JnbyMchL0FqXrkg=="],

    "@tweenjs/tween.js": ["@tweenjs/tween.js@23.1.3", "", {}, "sha512-vJmvvwFxYuGnF2axRtPYocag6Clbb5YS7kLL+SO/TeVFzHqDIWrNKYtcsPMibjDx9O+bu+psAy9NKfWklassUA=="],

    "@types/estree": ["@types/estree@1.0.8", "", {}, "sha512-dWHzHa2WqEXI/O1E9OjrocMTKJl2mSrEolh1Iomrv6U+JuNwaHXsXx9bLu5gG7BUWFIN0skIQJQ/L1rIex4X6w=="],

    "@types/stats.js": ["@types/stats.js@0.17.4", "", {}, "sha512-jIBvWWShCvlBqBNIZt0KAshWpvSjhkwkEu4ZUcASoAvhmrgAUI2t1dXrjSL4xXVLB4FznPrIsX3nKXFl/Dt4vA=="],

    "@types/three": ["@types/three@0.182.0", "", { "dependencies": { "@dimforge/rapier3d-compat": "~0.12.0", "@tweenjs/tween.js": "~23.1.3", "@types/stats.js": "*", "@types/webxr": ">=0.5.17", "@webgpu/types": "*", "fflate": "~0.8.2", "meshoptimizer": "~0.22.0" } }, "sha512-WByN9V3Sbwbe2OkWuSGyoqQO8Du6yhYaXtXLoA5FkKTUJorZ+yOHBZ35zUUPQXlAKABZmbYp5oAqpA4RBjtJ/Q=="],

    "@types/webxr": ["@types/webxr@0.5.24", "", {}, "sha512-h8fgEd/DpoS9CBrjEQXR+dIDraopAEfu4wYVNY2tEPwk60stPWhvZMf4Foo5FakuQ7HFZoa8WceaWFervK2Ovg=="],

    "@webgpu/types": ["@webgpu/types@0.1.69", "", {}, "sha512-RPmm6kgRbI8e98zSD3RVACvnuktIja5+yLgDAkTmxLr90BEwdTXRQWNLF3ETTTyH/8mKhznZuN5AveXYFEsMGQ=="],

    "blake3-wasm": ["blake3-wasm@2.1.5", "", {}, "sha512-F1+K8EbfOZE49dtoPtmxUQrpXaBIl3ICvasLh+nJta0xkz+9kF/7uet9fLnwKqhDrmj6g+6K3Tw9yQPUg2ka5g=="],

    "cookie": ["cookie@1.1.1", "", {}, "sha512-ei8Aos7ja0weRpFzJnEA9UHJ/7XQmqglbRwnf2ATjcB9Wq874VKH9kfjjirM6UhU2/E5fFYadylyhFldcqSidQ=="],

    "detect-libc": ["detect-libc@2.1.2", "", {}, "sha512-Btj2BOOO83o3WyH59e8MgXsxEQVcarkUOpEYrubB0urwnN10yQ364rsiByU11nZlqWYZm05i/of7io4mzihBtQ=="],

    "error-stack-parser-es": ["error-stack-parser-es@1.0.5", "", {}, "sha512-5qucVt2XcuGMcEGgWI7i+yZpmpByQ8J1lHhcL7PwqCwu9FPP3VUXzT4ltHe5i2z9dePwEHcDVOAfSnHsOlCXRA=="],

    "esbuild": ["esbuild@0.27.2", "", { "optionalDependencies": { "@esbuild/aix-ppc64": "0.27.2", "@esbuild/android-arm": "0.27.2", "@esbuild/android-arm64": "0.27.2", "@esbuild/android-x64": "0.27.2", "@esbuild/darwin-arm64": "0.27.2", "@esbuild/darwin-x64": "0.27.2", "@esbuild/freebsd-arm64": "0.27.2", "@esbuild/freebsd-x64": "0.27.2", "@esbuild/linux-arm": "0.27.2", "@esbuild/linux-arm64": "0.27.2", "@esbuild/linux-ia32": "0.27.2", "@esbuild/linux-loong64": "0.27.2", "@esbuild/linux-mips64el": "0.27.2", "@esbuild/linux-ppc64": "0.27.2", "@esbuild/linux-riscv64": "0.27.2", "@esbuild/linux-s390x": "0.27.2", "@esbuild/linux-x64": "0.27.2", "@esbuild/netbsd-arm64": "0.27.2", "@esbuild/netbsd-x64": "0.27.2", "@esbuild/openbsd-arm64": "0.27.2", "@esbuild/openbsd-x64": "0.27.2", "@esbuild/openharmony-arm64": "0.27.2", "@esbuild/sunos-x64": "0.27.2", "@esbuild/win32-arm64": "0.27.2", "@esbuild/win32-ia32": "0.27.2", "@esbuild/win32-x64": "0.27.2" }, "bin": { "esbuild": "bin/esbuild" } }, "sha512-HyNQImnsOC7X9PMNaCIeAm4ISCQXs5a5YasTXVliKv4uuBo1dKrG0A+uQS8M5eXjVMnLg3WgXaKvprHlFJQffw=="],

    "fdir": ["fdir@6.5.0", "", { "peerDependencies": { "picomatch": "^3 || ^4" }, "optionalPeers": ["picomatch"] }, "sha512-tIbYtZbucOs0BRGqPJkshJUYdL+SDH7dVM8gjy+ERp3WAUjLEFJE+02kanyHtwjWOnwrKYBiwAmM0p4kLJAnXg=="],

    "fflate": ["fflate@0.8.2", "", {}, "sha512-cPJU47OaAoCbg0pBvzsgpTPhmhqI5eJjh/JIu8tPj5q+T7iLvW/JAYUqmE7KOB4R1ZyEhzBaIQpQpardBF5z8A=="],

    "fsevents": ["fsevents@2.3.3", "", { "os": "darwin" }, "sha512-5xoDfX+fL7faATnagmWPpbFtwh/R77WmMMqqHGS65C3vvB0YHrgF+B1YmZ3441tMj5n63k0212XNoJwzlhffQw=="],

    "kleur": ["kleur@4.1.5", "", {}, "sha512-o+NO+8WrRiQEE4/7nwRJhN1HWpVmJm511pBHUxPLtp0BUISzlBplORYSmTclCnJvQq2tKu/sgl3xVpkc7ZWuQQ=="],

    "meshoptimizer": ["meshoptimizer@0.22.0", "", {}, "sha512-IebiK79sqIy+E4EgOr+CAw+Ke8hAspXKzBd0JdgEmPHiAwmvEj2S4h1rfvo+o/BnfEYd/jAOg5IeeIjzlzSnDg=="],

    "miniflare": ["miniflare@4.20260722.1", "", { "dependencies": { "@cspotcode/source-map-support": "0.8.1", "sharp": "0.35.2", "undici": "7.28.0", "workerd": "1.20260722.1", "ws": "8.21.0", "youch": "4.1.0-beta.10" }, "bin": { "miniflare": "bootstrap.js" } }, "sha512-FJIg4omaCb2wwSyOeRosEdmVRi3JzGAOOH3pa3twmmtvWECl6BVZMIDwJbjByLKRyU+mrfk0M/n3oSiojFZvSA=="],

    "nanoid": ["nanoid@3.3.11", "", { "bin": { "nanoid": "bin/nanoid.cjs" } }, "sha512-N8SpfPUnUp1bK+PMYW8qSWdl9U+wwNWI4QKxOYDy9JAro3WMX7p2OeVRF9v+347pnakNevPmiHhNmZ2HbFA76w=="],

    "path-to-regexp": ["path-to-regexp@6.3.0", "", {}, "sha512-Yhpw4T9C6hPpgPeA28us07OJeqZ5EzQTkbfwuhsUg0c237RomFoETJgmp2sa3F/41gfLE6G5cqcYwznmeEeOlQ=="],

    "pathe": ["pathe@2.0.3", "", {}, "sha512-WUjGcAqP1gQacoQe+OBJsFA7Ld4DyXuUIjZ5cc75cLHvJ7dtNsTugphxIADwspS+AraAUePCKrSVtPLFj/F88w=="],

    "picocolors": ["picocolors@1.1.1", "", {}, "sha512-xceH2snhtb5M9liqDsmEw56le376mTZkEX/jEb/RxNFyegNul7eNslCXP9FDj/Lcu0X8KEyMceP2ntpaHrDEVA=="],

    "picomatch": ["picomatch@4.0.3", "", {}, "sha512-5gTmgEY/sqK6gFXLIsQNH19lWb4ebPDLA4SdLP7dsWkIXHWlG66oPuVvXSGFPppYZz8ZDZq0dYYrbHfBCVUb1Q=="],

    "postcss": ["postcss@8.5.6", "", { "dependencies": { "nanoid": "^3.3.11", "picocolors": "^1.1.1", "source-map-js": "^1.2.1" } }, "sha512-3Ybi1tAuwAP9s0r1UQ2J4n5Y0G05bJkpUIO0/bI9MhwmD70S5aTWbXGBwxHrelT+XM1k6dM0pk+SwNkpTRN7Pg=="],

    "rollup": ["rollup@4.56.0", "", { "dependencies": { "@types/estree": "1.0.8" }, "optionalDependencies": { "@rollup/rollup-android-arm-eabi": "4.56.0", "@rollup/rollup-android-arm64": "4.56.0", "@rollup/rollup-darwin-arm64": "4.56.0", "@rollup/rollup-darwin-x64": "4.56.0", "@rollup/rollup-freebsd-arm64": "4.56.0", "@rollup/rollup-freebsd-x64": "4.56.0", "@rollup/rollup-linux-arm-gnueabihf": "4.56.0", "@rollup/rollup-linux-arm-musleabihf": "4.56.0", "@rollup/rollup-linux-arm64-gnu": "4.56.0", "@rollup/rollup-linux-arm64-musl": "4.56.0", "@rollup/rollup-linux-loong64-gnu": "4.56.0", "@rollup/rollup-linux-loong64-musl": "4.56.0", "@rollup/rollup-linux-ppc64-gnu": "4.56.0", "@rollup/rollup-linux-ppc64-musl": "4.56.0", "@rollup/rollup-linux-riscv64-gnu": "4.56.0", "@rollup/rollup-linux-riscv64-musl": "4.56.0", "@rollup/rollup-linux-s390x-gnu": "4.56.0", "@rollup/rollup-linux-x64-gnu": "4.56.0", "@rollup/rollup-linux-x64-musl": "4.56.0", "@rollup/rollup-openbsd-x64": "4.56.0", "@rollup/rollup-openharmony-arm64": "4.56.0", "@rollup/rollup-win32-arm64-msvc": "4.56.0", "@rollup/rollup-win32-ia32-msvc": "4.56.0", "@rollup/rollup-win32-x64-gnu": "4.56.0", "@rollup/rollup-win32-x64-msvc": "4.56.0", "fsevents": "~2.3.2" }, "bin": { "rollup": "dist/bin/rollup" } }, "sha512-9FwVqlgUHzbXtDg9RCMgodF3Ua4Na6Gau+Sdt9vyCN4RhHfVKX2DCHy3BjMLTDd47ITDhYAnTwGulWTblJSDLg=="],

    "semver": ["semver@7.8.5", "", { "bin": { "semver": "bin/semver.js" } }, "sha512-Y7/KDsb8LjooZpwaqGyulO6DQlksgCncchHGk+sZIY4SBvUocMBEFH5Ur1fI4dV+Jvl0w6cjvucaIi40puRioA=="],

    "sharp": ["sharp@0.35.2", "", { "dependencies": { "@img/colour": "^1.1.0", "detect-libc": "^2.1.2", "semver": "^7.8.4" }, "optionalDependencies": { "@img/sharp-darwin-arm64": "0.35.2", "@img/sharp-darwin-x64": "0.35.2", "@img/sharp-freebsd-wasm32": "0.35.2", "@img/sharp-libvips-darwin-arm64": "1.3.1", "@img/sharp-libvips-darwin-x64": "1.3.1", "@img/sharp-libvips-linux-arm": "1.3.1", "@img/sharp-libvips-linux-arm64": "1.3.1", "@img/sharp-libvips-linux-ppc64": "1.3.1", "@img/sharp-libvips-linux-riscv64": "1.3.1", "@img/sharp-libvips-linux-s390x": "1.3.1", "@img/sharp-libvips-linux-x64": "1.3.1", "@img/sharp-libvips-linuxmusl-arm64": "1.3.1", "@img/sharp-libvips-linuxmusl-x64": "1.3.1", "@img/sharp-linux-arm": "0.35.2", "@img/sharp-linux-arm64": "0.35.2", "@img/sharp-linux-ppc64": "0.35.2", "@img/sharp-linux-riscv64": "0.35.2", "@img/sharp-linux-s390x": "0.35.2", "@img/sharp-linux-x64": "0.35.2", "@img/sharp-linuxmusl-arm64": "0.35.2", "@img/sharp-linuxmusl-x64": "0.35.2", "@img/sharp-webcontainers-wasm32": "0.35.2", "@img/sharp-win32-arm64": "0.35.2", "@img/sharp-win32-ia32": "0.35.2", "@img/sharp-win32-x64": "0.35.2" } }, "sha512-FVtFjtBCMiJS6yb5CX7Sop45WFMpeGw6oRKuJnXYgf/f1ms/D7LE/ZUSNxnW7rZ/dbslQWYkoqFHGPaDBtaK4w=="],

    "source-map-js": ["source-map-js@1.2.1", "", {}, "sha512-UXWMKhLOwVKb728IUtQPXxfYU+usdybtUrK/8uGE8CQMvrhOpwvzDBwj0QhSL7MQc7vIsISBG8VQ8+IDQxpfQA=="],

    "supports-color": ["supports-color@10.2.2", "", {}, "sha512-SS+jx45GF1QjgEXQx4NJZV9ImqmO2NPz5FNsIHrsDjh2YsHnawpan7SNQ1o8NuhrbHZy9AZhIoCUiCeaW/C80g=="],

    "three": ["three@0.182.0", "", {}, "sha512-GbHabT+Irv+ihI1/f5kIIsZ+Ef9Sl5A1Y7imvS5RQjWgtTPfPnZ43JmlYI7NtCRDK9zir20lQpfg8/9Yd02OvQ=="],

    "tinyglobby": ["tinyglobby@0.2.15", "", { "dependencies": { "fdir": "^6.5.0", "picomatch": "^4.0.3" } }, "sha512-j2Zq4NyQYG5XMST4cbs02Ak8iJUdxRM0XI5QyxXuZOzKOINmWurp3smXu3y5wDcJrptwpSjgXHzIQxR0omXljQ=="],

    "tslib": ["tslib@2.8.1", "", {}, "sha512-oJFu94HQb+KVduSUQL7wnpmqnfmLsOA/nAh6b6EH0wCEoK0/mPeXU6c3wKDV83MkOuHPRHtSXKKU99IBazS/2w=="],

    "typescript": ["typescript@5.9.3", "", { "bin": { "tsc": "bin/tsc", "tsserver": "bin/tsserver" } }, "sha512-jl1vZzPDinLr9eUt3J/t7V6FgNEw9QjvBPdysz9KfQDD41fQrC2Y4vKQdiaUpFT4bXlb1RHhLpp8wtm6M5TgSw=="],

    "undici": ["undici@7.28.0", "", {}, "sha512-cRZYrTDwWznlnRiPjggAGxZXanty6M8RV1ff8Wm4LWXBp7/IG8v5DnOm74DtUBp9OONpK75YlPnIjQqX0dBDtA=="],

    "unenv": ["unenv@2.0.0-rc.24", "", { "dependencies": { "pathe": "^2.0.3" } }, "sha512-i7qRCmY42zmCwnYlh9H2SvLEypEFGye5iRmEMKjcGi7zk9UquigRjFtTLz0TYqr0ZGLZhaMHl/foy1bZR+Cwlw=="],

    "vite": ["vite@7.3.1", "", { "dependencies": { "esbuild": "^0.27.0", "fdir": "^6.5.0", "picomatch": "^4.0.3", "postcss": "^8.5.6", "rollup": "^4.43.0", "tinyglobby": "^0.2.15" }, "optionalDependencies": { "fsevents": "~2.3.3" }, "peerDependencies": { "@types/node": "^20.19.0 || >=22.12.0", "jiti": ">=1.21.0", "less": "^4.0.0", "lightningcss": "^1.21.0", "sass": "^1.70.0", "sass-embedded": "^1.70.0", "stylus": ">=0.54.8", "sugarss": "^5.0.0", "terser": "^5.16.0", "tsx": "^4.8.1", "yaml": "^2.4.2" }, "optionalPeers": ["@types/node", "jiti", "less", "lightningcss", "sass", "sass-embedded", "stylus", "sugarss", "terser", "tsx", "yaml"], "bin": { "vite": "bin/vite.js" } }, "sha512-w+N7Hifpc3gRjZ63vYBXA56dvvRlNWRczTdmCBBa+CotUzAPf5b7YMdMR/8CQoeYE5LX3W4wj6RYTgonm1b9DA=="],

    "workerd": ["workerd@1.20260722.1", "", { "optionalDependencies": { "@cloudflare/workerd-darwin-64": "1.20260722.1", "@cloudflare/workerd-darwin-arm64": "1.20260722.1", "@cloudflare/workerd-linux-64": "1.20260722.1", "@cloudflare/workerd-linux-arm64": "1.20260722.1", "@cloudflare/workerd-windows-64": "1.20260722.1" }, "bin": { "workerd": "bin/workerd" } }, "sha512-NycKuc1x2onvsRfGGpM093vRlLFU2zHDAM0+APpccfg4+gZxDGCH27RmdDvkeBuoZyYqgLo3oAfF6re4mvC3vQ=="],

    "wrangler": ["wrangler@4.115.0", "", { "dependencies": { "@cloudflare/kv-asset-handler": "0.5.0", "@cloudflare/unenv-preset": "2.16.1", "blake3-wasm": "2.1.5", "esbuild": "0.28.1", "miniflare": "4.20260722.1", "path-to-regexp": "6.3.0", "unenv": "2.0.0-rc.24", "workerd": "1.20260722.1" }, "optionalDependencies": { "fsevents": "2.3.3" }, "peerDependencies": { "@cloudflare/workers-types": "^5.20260722.1" }, "optionalPeers": ["@cloudflare/workers-types"], "bin": { "wrangler": "bin/wrangler.js", "wrangler2": "bin/wrangler.js", "cf-wrangler": "bin/cf-wrangler.js" } }, "sha512-+upG2VW66M1sjb43yzgUZ6Ss8iYpJ6+7F3U4GF8TY5EYd+08sYdS54d24AEwCnhuef3J9KlSPusqiqR9WYy1UA=="],

    "ws": ["ws@8.21.0", "", { "peerDependencies": { "bufferutil": "^4.0.1", "utf-8-validate": ">=5.0.2" }, "optionalPeers": ["bufferutil", "utf-8-validate"] }, "sha512-Vsp28b7DRcimFQvrqu2Wek3z1iYxDCWqHYB8Qsnk/S4RfaCQzPGPyBNuVjJV3cd6UiKtUtp6sNM77gWvzcCH+g=="],

    "youch": ["youch@4.1.0-beta.10", "", { "dependencies": { "@poppinss/colors": "^4.1.5", "@poppinss/dumper": "^0.6.4", "@speed-highlight/core": "^1.2.7", "cookie": "^1.0.2", "youch-core": "^0.3.3" } }, "sha512-rLfVLB4FgQneDr0dv1oddCVZmKjcJ6yX6mS4pU82Mq/Dt9a3cLZQ62pDBL4AUO+uVrCvtWz3ZFUL2HFAFJ/BXQ=="],

    "youch-core": ["youch-core@0.3.3", "", { "dependencies": { "@poppinss/exception": "^1.2.2", "error-stack-parser-es": "^1.0.5" } }, "sha512-ho7XuGjLaJ2hWHoK8yFnsUGy2Y5uDpqSTq1FkHLK4/oqKtyUU1AFbOOxY4IpC9f0fTLjwYbslUz0Po5BpD1wrA=="],

    "@types/three/@dimforge/rapier3d-compat": ["@dimforge/rapier3d-compat@0.12.0", "", {}, "sha512-uekIGetywIgopfD97oDL5PfeezkFpNhwlzlaEYNOA0N6ghdsOvh/HYjSMek5Q2O1PYvRSDFcqFVJl4r4ZBwOow=="],

    "wrangler/esbuild": ["esbuild@0.28.1", "", { "optionalDependencies": { "@esbuild/aix-ppc64": "0.28.1", "@esbuild/android-arm": "0.28.1", "@esbuild/android-arm64": "0.28.1", "@esbuild/android-x64": "0.28.1", "@esbuild/darwin-arm64": "0.28.1", "@esbuild/darwin-x64": "0.28.1", "@esbuild/freebsd-arm64": "0.28.1", "@esbuild/freebsd-x64": "0.28.1", "@esbuild/linux-arm": "0.28.1", "@esbuild/linux-arm64": "0.28.1", "@esbuild/linux-ia32": "0.28.1", "@esbuild/linux-loong64": "0.28.1", "@esbuild/linux-mips64el": "0.28.1", "@esbuild/linux-ppc64": "0.28.1", "@esbuild/linux-riscv64": "0.28.1", "@esbuild/linux-s390x": "0.28.1", "@esbuild/linux-x64": "0.28.1", "@esbuild/netbsd-arm64": "0.28.1", "@esbuild/netbsd-x64": "0.28.1", "@esbuild/openbsd-arm64": "0.28.1", "@esbuild/openbsd-x64": "0.28.1", "@esbuild/openharmony-arm64": "0.28.1", "@esbuild/sunos-x64": "0.28.1", "@esbuild/win32-arm64": "0.28.1", "@esbuild/win32-ia32": "0.28.1", "@esbuild/win32-x64": "0.28.1" }, "bin": { "esbuild": "bin/esbuild" } }, "sha512-HrJrvZv5ayxBzPfwphOoNzkzOIIlifzk0KJrGK2c8R4+LKpMtpYLQeUdjnwjWv/LZlkH2laZk+4w78pi99D4Vw=="],

    "wrangler/esbuild/@esbuild/aix-ppc64": ["@esbuild/aix-ppc64@0.28.1", "", { "os": "aix", "cpu": "ppc64" }, "sha512-Svl7tq8k/08+p6CXPpRjQ1fKX+1odH/BQbb48fV6fj3CWHhsoIOoY87w1oHXm0qEpkIK3ZfVgp0hed3XBXzXMQ=="],

    "wrangler/esbuild/@esbuild/android-arm": ["@esbuild/android-arm@0.28.1", "", { "os": "android", "cpu": "arm" }, "sha512-0k2F129Xdio1TdJfzJ8sy1Q47vUD2NnwdhiAf7drUN1EBTfPf4hsFCtmMgu/6m8JSzsBrlmVjudMBQqOfG8usQ=="],

    "wrangler/esbuild/@esbuild/android-arm64": ["@esbuild/android-arm64@0.28.1", "", { "os": "android", "cpu": "arm64" }, "sha512-34EGEbCIAgosYz6goLcopX6Mo7NyGv9tfwEM2/7Ce2VcVRk568iSvniGWcUXIy7wEDR1wzolcxcriFVrWYcwBg=="],

    "wrangler/esbuild/@esbuild/android-x64": ["@esbuild/android-x64@0.28.1", "", { "os": "android", "cpu": "x64" }, "sha512-dbwY7ltSMDWsRatcRpCnES4F+im88OCUgGZjy52shC7GqHRE/cYlxNbB4Z4UpJswpcc4Qxd2oE/ufM0p61IKng=="],

    "wrangler/esbuild/@esbuild/darwin-arm64": ["@esbuild/darwin-arm64@0.28.1", "", { "os": "darwin", "cpu": "arm64" }, "sha512-TZbWkQY7kvTAXbXUT7uVACR5cMHsDiSz9z7ZKAX/RTq/WJEk3QyRr0wZpNhBDX+/0CtdqUIJlOiodQcta6tY3Q=="],

    "wrangler/esbuild/@esbuild/darwin-x64": ["@esbuild/darwin-x64@0.28.1", "", { "os": "darwin", "cpu": "x64" }, "sha512-zfdzgK9ACBNZLI/CyHTOx81SyNbM6YXn7rxSgX97VjyiPl9W1i4Ka4fgKECEoFCKGpvBj5qArWIGgQjOwkgskQ=="],

    "wrangler/esbuild/@esbuild/freebsd-arm64": ["@esbuild/freebsd-arm64@0.28.1", "", { "os": "freebsd", "cpu": "arm64" }, "sha512-wG2EA8ENdEI0qhkSZMjfqrdY+ziCYCPMmtZjjIwOmXFjmyzEHn+UUxk5of+SYsjtfs3VpnlC7QLzSI5hY/rOAw=="],

    "wrangler/esbuild/@esbuild/freebsd-x64": ["@esbuild/freebsd-x64@0.28.1", "", { "os": "freebsd", "cpu": "x64" }, "sha512-i7dZ9vQgnvSCzi/rYCXNgtF/U+eKZNJBzu3eTQbRgHnM7tNSizLOkRFAl3qzVc/Op/u5YkHHa4pf/3DOYHthLQ=="],

    "wrangler/esbuild/@esbuild/linux-arm": ["@esbuild/linux-arm@0.28.1", "", { "os": "linux", "cpu": "arm" }, "sha512-qVXBOHQS+d5Y722GwJzJUtOLlX7km3CraOaGormF1pDtPd2C/l1SHRPgjLunLGe51Sh5YYWKMFDyV4SxgMQYTQ=="],

    "wrangler/esbuild/@esbuild/linux-arm64": ["@esbuild/linux-arm64@0.28.1", "", { "os": "linux", "cpu": "arm64" }, "sha512-yHs+0uc8+nvEAfAfxrWQKK5peSNzBc4PegcMO0EJ2hT71uA7vB8Ihg2e77R2P7SG5uYjPbHlLLmve4LLLRCf0g=="],

    "wrangler/esbuild/@esbuild/linux-ia32": ["@esbuild/linux-ia32@0.28.1", "", { "os": "linux", "cpu": "ia32" }, "sha512-d1z4ZuP0ajrfz/FhGT4vv278rX8KnPPJx8i5+AtK7TYbx9Le9F1hyzurZpkEyjkGa9dUGhQow4C1NmeGvqxN2w=="],

    "wrangler/esbuild/@esbuild/linux-loong64": ["@esbuild/linux-loong64@0.28.1", "", { "os": "linux", "cpu": "none" }, "sha512-M5sRjUVZrkm1OAPR3dlOYzNmN+loZKGVi1VUQGrwuqLcbR6qeAz+famMhjASeH3YVKvZz+zT1jlh/keC3Rj/lg=="],

    "wrangler/esbuild/@esbuild/linux-mips64el": ["@esbuild/linux-mips64el@0.28.1", "", { "os": "linux", "cpu": "none" }, "sha512-mRObBZeHh2OxcBFPWE/FjylkRgZdYuiTR3vaTozquCGOH14iP9oN4x4Ge81CoIDYQrXmIxpFumJBu5MtZpnQJQ=="],

    "wrangler/esbuild/@esbuild/linux-ppc64": ["@esbuild/linux-ppc64@0.28.1", "", { "os": "linux", "cpu": "ppc64" }, "sha512-slScBsMAb3GFDcdrCgLwZtPYRoH2H/youv10QiZyRjmsP48fznoveWytSgCI/R0ZcUgpc0ZhIUEx6LHts8yrfQ=="],

    "wrangler/esbuild/@esbuild/linux-riscv64": ["@esbuild/linux-riscv64@0.28.1", "", { "os": "linux", "cpu": "none" }, "sha512-kw0owk1o0GFETUJyW0jc0G4Yzs0BHZn0JDZ8JRT088vjJYX777BAs1fDGxAC+q831qOs2DTC96mNsG2opdfyyQ=="],

    "wrangler/esbuild/@esbuild/linux-s390x": ["@esbuild/linux-s390x@0.28.1", "", { "os": "linux", "cpu": "s390x" }, "sha512-/lAIjX8aYFRByhh6L5rYtPEDRqa9de/4V/juOXcta5frjvzXO4/sqEtyytse0g3zZFuWu5cDN0MkLz2qRDD2Ag=="],

    "wrangler/esbuild/@esbuild/linux-x64": ["@esbuild/linux-x64@0.28.1", "", { "os": "linux", "cpu": "x64" }, "sha512-u/anNYF2mmVOEDwLtnQ1wOr3EZ9sTNGLWrsYGYwHWzGA3Si84IOkHXlbWTD1NB+9/1lcnweYKO54uhxZydNzfA=="],

    "wrangler/esbuild/@esbuild/netbsd-arm64": ["@esbuild/netbsd-arm64@0.28.1", "", { "os": "none", "cpu": "arm64" }, "sha512-oks0DYbLwWMmaakTsCb+zL4E+aHRVLom9IJZOAthMQEPiQmydXHkziYEsGYRx0uNV/IjEKGAV941JzH02pflqw=="],

    "wrangler/esbuild/@esbuild/netbsd-x64": ["@esbuild/netbsd-x64@0.28.1", "", { "os": "none", "cpu": "x64" }, "sha512-aeL6lAnN89Hz43Mlh1G8ARasbuoYvSITDEx0tHh5b7jJnHcssqgjy9Yx430GDpmCa6OyrKoS0aNRjKundRizGg=="],

    "wrangler/esbuild/@esbuild/openbsd-arm64": ["@esbuild/openbsd-arm64@0.28.1", "", { "os": "openbsd", "cpu": "arm64" }, "sha512-MEFJe5C3R8pwXdZ5Y21oo6m7ePiS0d9pWucn99O/wvyJZChoIQKrQDxKrGeW8F5+T0okTHesAmDeiHDTIq0V/Q=="],

    "wrangler/esbuild/@esbuild/openbsd-x64": ["@esbuild/openbsd-x64@0.28.1", "", { "os": "openbsd", "cpu": "x64" }, "sha512-i/ZLIOafE0Z8cI/XANJAixoJL/uRAoS2xOA3rb0xN+KK0K177cMAsQYkzHtBrtMXAKuAc7HGgcWiZ/sRC1Nxgw=="],

    "wrangler/esbuild/@esbuild/openharmony-arm64": ["@esbuild/openharmony-arm64@0.28.1", "", { "os": "none", "cpu": "arm64" }, "sha512-ge+Z7EXFNt2BO1oAMsVpiQ8EwndV9i1xXerAeTIK7AtPs3bKFXQM7nlRxDSIUIMeueR1CNXxqztLzdNeReKBJg=="],

    "wrangler/esbuild/@esbuild/sunos-x64": ["@esbuild/sunos-x64@0.28.1", "", { "os": "sunos", "cpu": "x64" }, "sha512-BEjgtECkL3vY+SaSQ6nzVfiALUeFxpawyp8Jmf5PtYhf1Ug40N1h/hxlhts+f1FvSvarEigdxS3BlSMI2PJLcQ=="],

    "wrangler/esbuild/@esbuild/win32-arm64": ["@esbuild/win32-arm64@0.28.1", "", { "os": "win32", "cpu": "arm64" }, "sha512-lCv9eK/H6ZJWbE7bh2nw54CZ9M2nupBxJcTsdk/QQnWkdSjKGuxmmH8/GWrlT1eMmZfn4dGcCjRte397WqfQXA=="],

    "wrangler/esbuild/@esbuild/win32-ia32": ["@esbuild/win32-ia32@0.28.1", "", { "os": "win32", "cpu": "ia32" }, "sha512-zvb/mB2bSCoJOpoCBgYKKpX6YM6mJBlBUVUtVj41DlZJVEB6/0CKlRYxP5wWl1C1ILiCoAU5wZZ4q1P3qeS6Eg=="],

    "wrangler/esbuild/@esbuild/win32-x64": ["@esbuild/win32-x64@0.28.1", "", { "os": "win32", "cpu": "x64" }, "sha512-bm4Mowrv+GXMlpWX++EcXw/iLyd1o3+bJkC2DkWXYVvgZCqD/bSj9ctZeAMC3cIxgjRVR2Dufaiu4YPxr5gW1A=="],
  }
}
